
Microsoft Visual Studio Solution File, Format Version 12.00
# Visual Studio Version 16
VisualStudioVersion = 16.0.32802.440
MinimumVisualStudioVersion = 10.0.40219.1
Project("{9A19103F-16F7-4668-BE54-9A1E7A4F7556}") = "EltraCommon", "EltraCommon\EltraCommon.csproj", "{09641E25-3381-4399-90FF-923D2307246D}"
EndProject
Project("{9A19103F-16F7-4668-BE54-9A1E7A4F7556}") = "EltraUiCommon", "EltraUiCommon\EltraUiCommon.csproj", "{83CE5C44-1149-42B9-AF37-FD0D80132F58}"
EndProject
Project("{9A19103F-16F7-4668-BE54-9A1E7A4F7556}") = "EltraWpfCommon", "EltraWpfCommon\EltraWpfCommon.csproj", "{609A663B-6E20-4671-BDB7-61EDF6FBD899}"
EndProject
Project("{9A19103F-16F7-4668-BE54-9A1E7A4F7556}") = "EltraXamCommon", "EltraXamCommon\EltraXamCommon.csproj", "{2B3F985B-E7A4-4CEA-8E59-0153C8BAEA0F}"
EndProject
Global
	GlobalSection(SolutionConfigurationPlatforms) = preSolution
		Debug - UWP|Any CPU = Debug - UWP|Any CPU
		Debug - UWP|ARM = Debug - UWP|ARM
		Debug - UWP|iPhone = Debug - UWP|iPhone
		Debug - UWP|iPhoneSimulator = Debug - UWP|iPhoneSimulator
		Debug - UWP|x64 = Debug - UWP|x64
		Debug - UWP|x86 = Debug - UWP|x86
		Debug|Any CPU = Debug|Any CPU
		Debug|ARM = Debug|ARM
		Debug|iPhone = Debug|iPhone
		Debug|iPhoneSimulator = Debug|iPhoneSimulator
		Debug|x64 = Debug|x64
		Debug|x86 = Debug|x86
		Release|Any CPU = Release|Any CPU
		Release|ARM = Release|ARM
		Release|iPhone = Release|iPhone
		Release|iPhoneSimulator = Release|iPhoneSimulator
		Release|x64 = Release|x64
		Release|x86 = Release|x86
	EndGlobalSection
	GlobalSection(ProjectConfigurationPlatforms) = postSolution
		{09641E25-3381-4399-90FF-923D2307246D}.Debug - UWP|Any CPU.ActiveCfg = Debug - UWP|Any CPU
		{09641E25-3381-4399-90FF-923D2307246D}.Debug - UWP|Any CPU.Build.0 = Debug - UWP|Any CPU
		{09641E25-3381-4399-90FF-923D2307246D}.Debug - UWP|ARM.ActiveCfg = Debug - UWP|Any CPU
		{09641E25-3381-4399-90FF-923D2307246D}.Debug - UWP|ARM.Build.0 = Debug - UWP|Any CPU
		{09641E25-3381-4399-90FF-923D2307246D}.Debug - UWP|iPhone.ActiveCfg = Debug - UWP|Any CPU
		{09641E25-3381-4399-90FF-923D2307246D}.Debug - UWP|iPhone.Build.0 = Debug - UWP|Any CPU
		{09641E25-3381-4399-90FF-923D2307246D}.Debug - UWP|iPhoneSimulator.ActiveCfg = Debug - UWP|Any CPU
		{09641E25-3381-4399-90FF-923D2307246D}.Debug - UWP|iPhoneSimulator.Build.0 = Debug - UWP|Any CPU
		{09641E25-3381-4399-90FF-923D2307246D}.Debug - UWP|x64.ActiveCfg = Debug - UWP|Any CPU
		{09641E25-3381-4399-90FF-923D2307246D}.Debug - UWP|x64.Build.0 = Debug - UWP|Any CPU
		{09641E25-3381-4399-90FF-923D2307246D}.Debug - UWP|x86.ActiveCfg = Debug - UWP|Any CPU
		{09641E25-3381-4399-90FF-923D2307246D}.Debug - UWP|x86.Build.0 = Debug - UWP|Any CPU
		{09641E25-3381-4399-90FF-923D2307246D}.Debug|Any CPU.ActiveCfg = Debug|Any CPU
		{09641E25-3381-4399-90FF-923D2307246D}.Debug|Any CPU.Build.0 = Debug|Any CPU
		{09641E25-3381-4399-90FF-923D2307246D}.Debug|ARM.ActiveCfg = Debug|Any CPU
		{09641E25-3381-4399-90FF-923D2307246D}.Debug|ARM.Build.0 = Debug|Any CPU
		{09641E25-3381-4399-90FF-923D2307246D}.Debug|iPhone.ActiveCfg = Debug|Any CPU
		{09641E25-3381-4399-90FF-923D2307246D}.Debug|iPhone.Build.0 = Debug|Any CPU
		{09641E25-3381-4399-90FF-923D2307246D}.Debug|iPhoneSimulator.ActiveCfg = Debug|Any CPU
		{09641E25-3381-4399-90FF-923D2307246D}.Debug|iPhoneSimulator.Build.0 = Debug|Any CPU
		{09641E25-3381-4399-90FF-923D2307246D}.Debug|x64.ActiveCfg = Debug|Any CPU
		{09641E25-3381-4399-90FF-923D2307246D}.Debug|x64.Build.0 = Debug|Any CPU
		{09641E25-3381-4399-90FF-923D2307246D}.Debug|x86.ActiveCfg = Debug|Any CPU
		{09641E25-3381-4399-90FF-923D2307246D}.Debug|x86.Build.0 = Debug|Any CPU
		{09641E25-3381-4399-90FF-923D2307246D}.Release|Any CPU.ActiveCfg = Release|Any CPU
		{09641E25-3381-4399-90FF-923D2307246D}.Release|Any CPU.Build.0 = Release|Any CPU
		{09641E25-3381-4399-90FF-923D2307246D}.Release|ARM.ActiveCfg = Release|Any CPU
		{09641E25-3381-4399-90FF-923D2307246D}.Release|ARM.Build.0 = Release|Any CPU
		{09641E25-3381-4399-90FF-923D2307246D}.Release|iPhone.ActiveCfg = Release|Any CPU
		{09641E25-3381-4399-90FF-923D2307246D}.Release|iPhone.Build.0 = Release|Any CPU
		{09641E25-3381-4399-90FF-923D2307246D}.Release|iPhoneSimulator.ActiveCfg = Release|Any CPU
		{09641E25-3381-4399-90FF-923D2307246D}.Release|iPhoneSimulator.Build.0 = Release|Any CPU
		{09641E25-3381-4399-90FF-923D2307246D}.Release|x64.ActiveCfg = Release|Any CPU
		{09641E25-3381-4399-90FF-923D2307246D}.Release|x64.Build.0 = Release|Any CPU
		{09641E25-3381-4399-90FF-923D2307246D}.Release|x86.ActiveCfg = Release|Any CPU
		{09641E25-3381-4399-90FF-923D2307246D}.Release|x86.Build.0 = Release|Any CPU
		{83CE5C44-1149-42B9-AF37-FD0D80132F58}.Debug - UWP|Any CPU.ActiveCfg = Debug - UWP|Any CPU
		{83CE5C44-1149-42B9-AF37-FD0D80132F58}.Debug - UWP|Any CPU.Build.0 = Debug - UWP|Any CPU
		{83CE5C44-1149-42B9-AF37-FD0D80132F58}.Debug - UWP|ARM.ActiveCfg = Debug - UWP|Any CPU
		{83CE5C44-1149-42B9-AF37-FD0D80132F58}.Debug - UWP|ARM.Build.0 = Debug - UWP|Any CPU
		{83CE5C44-1149-42B9-AF37-FD0D80132F58}.Debug - UWP|iPhone.ActiveCfg = Debug - UWP|Any CPU
		{83CE5C44-1149-42B9-AF37-FD0D80132F58}.Debug - UWP|iPhone.Build.0 = Debug - UWP|Any CPU
		{83CE5C44-1149-42B9-AF37-FD0D80132F58}.Debug - UWP|iPhoneSimulator.ActiveCfg = Debug - UWP|Any CPU
		{83CE5C44-1149-42B9-AF37-FD0D80132F58}.Debug - UWP|iPhoneSimulator.Build.0 = Debug - UWP|Any CPU
		{83CE5C44-1149-42B9-AF37-FD0D80132F58}.Debug - UWP|x64.ActiveCfg = Debug - UWP|Any CPU
		{83CE5C44-1149-42B9-AF37-FD0D80132F58}.Debug - UWP|x64.Build.0 = Debug - UWP|Any CPU
		{83CE5C44-1149-42B9-AF37-FD0D80132F58}.Debug - UWP|x86.ActiveCfg = Debug - UWP|Any CPU
		{83CE5C44-1149-42B9-AF37-FD0D80132F58}.Debug - UWP|x86.Build.0 = Debug - UWP|Any CPU
		{83CE5C44-1149-42B9-AF37-FD0D80132F58}.Debug|Any CPU.ActiveCfg = Debug|Any CPU
		{83CE5C44-1149-42B9-AF37-FD0D80132F58}.Debug|Any CPU.Build.0 = Debug|Any CPU
		{83CE5C44-1149-42B9-AF37-FD0D80132F58}.Debug|ARM.ActiveCfg = Debug|Any CPU
		{83CE5C44-1149-42B9-AF37-FD0D80132F58}.Debug|ARM.Build.0 = Debug|Any CPU
		{83CE5C44-1149-42B9-AF37-FD0D80132F58}.Debug|iPhone.ActiveCfg = Debug|Any CPU
		{83CE5C44-1149-42B9-AF37-FD0D80132F58}.Debug|iPhone.Build.0 = Debug|Any CPU
		{83CE5C44-1149-42B9-AF37-FD0D80132F58}.Debug|iPhoneSimulator.ActiveCfg = Debug|Any CPU
		{83CE5C44-1149-42B9-AF37-FD0D80132F58}.Debug|iPhoneSimulator.Build.0 = Debug|Any CPU
		{83CE5C44-1149-42B9-AF37-FD0D80132F58}.Debug|x64.ActiveCfg = Debug|Any CPU
		{83CE5C44-1149-42B9-AF37-FD0D80132F58}.Debug|x64.Build.0 = Debug|Any CPU
		{83CE5C44-1149-42B9-AF37-FD0D80132F58}.Debug|x86.ActiveCfg = Debug|Any CPU
		{83CE5C44-1149-42B9-AF37-FD0D80132F58}.Debug|x86.Build.0 = Debug|Any CPU
		{83CE5C44-1149-42B9-AF37-FD0D80132F58}.Release|Any CPU.ActiveCfg = Release|Any CPU
		{83CE5C44-1149-42B9-AF37-FD0D80132F58}.Release|Any CPU.Build.0 = Release|Any CPU
		{83CE5C44-1149-42B9-AF37-FD0D80132F58}.Release|ARM.ActiveCfg = Release|Any CPU
		{83CE5C44-1149-42B9-AF37-FD0D80132F58}.Release|ARM.Build.0 = Release|Any CPU
		{83CE5C44-1149-42B9-AF37-FD0D80132F58}.Release|iPhone.ActiveCfg = Release|Any CPU
		{83CE5C44-1149-42B9-AF37-FD0D80132F58}.Release|iPhone.Build.0 = Release|Any CPU
		{83CE5C44-1149-42B9-AF37-FD0D80132F58}.Release|iPhoneSimulator.ActiveCfg = Release|Any CPU
		{83CE5C44-1149-42B9-AF37-FD0D80132F58}.Release|iPhoneSimulator.Build.0 = Release|Any CPU
		{83CE5C44-1149-42B9-AF37-FD0D80132F58}.Release|x64.ActiveCfg = Release|Any CPU
		{83CE5C44-1149-42B9-AF37-FD0D80132F58}.Release|x64.Build.0 = Release|Any CPU
		{83CE5C44-1149-42B9-AF37-FD0D80132F58}.Release|x86.ActiveCfg = Release|Any CPU
		{83CE5C44-1149-42B9-AF37-FD0D80132F58}.Release|x86.Build.0 = Release|Any CPU
		{609A663B-6E20-4671-BDB7-61EDF6FBD899}.Debug - UWP|Any CPU.ActiveCfg = Debug|Any CPU
		{609A663B-6E20-4671-BDB7-61EDF6FBD899}.Debug - UWP|Any CPU.Build.0 = Debug|Any CPU
		{609A663B-6E20-4671-BDB7-61EDF6FBD899}.Debug - UWP|ARM.ActiveCfg = Debug|Any CPU
		{609A663B-6E20-4671-BDB7-61EDF6FBD899}.Debug - UWP|ARM.Build.0 = Debug|Any CPU
		{609A663B-6E20-4671-BDB7-61EDF6FBD899}.Debug - UWP|iPhone.ActiveCfg = Debug|Any CPU
		{609A663B-6E20-4671-BDB7-61EDF6FBD899}.Debug - UWP|iPhone.Build.0 = Debug|Any CPU
		{609A663B-6E20-4671-BDB7-61EDF6FBD899}.Debug - UWP|iPhoneSimulator.ActiveCfg = Debug|Any CPU
		{609A663B-6E20-4671-BDB7-61EDF6FBD899}.Debug - UWP|iPhoneSimulator.Build.0 = Debug|Any CPU
		{609A663B-6E20-4671-BDB7-61EDF6FBD899}.Debug - UWP|x64.ActiveCfg = Debug|Any CPU
		{609A663B-6E20-4671-BDB7-61EDF6FBD899}.Debug - UWP|x64.Build.0 = Debug|Any CPU
		{609A663B-6E20-4671-BDB7-61EDF6FBD899}.Debug - UWP|x86.ActiveCfg = Debug|Any CPU
		{609A663B-6E20-4671-BDB7-61EDF6FBD899}.Debug - UWP|x86.Build.0 = Debug|Any CPU
		{609A663B-6E20-4671-BDB7-61EDF6FBD899}.Debug|Any CPU.ActiveCfg = Debug|Any CPU
		{609A663B-6E20-4671-BDB7-61EDF6FBD899}.Debug|Any CPU.Build.0 = Debug|Any CPU
		{609A663B-6E20-4671-BDB7-61EDF6FBD899}.Debug|ARM.ActiveCfg = Debug|Any CPU
		{609A663B-6E20-4671-BDB7-61EDF6FBD899}.Debug|ARM.Build.0 = Debug|Any CPU
		{609A663B-6E20-4671-BDB7-61EDF6FBD899}.Debug|iPhone.ActiveCfg = Debug|Any CPU
		{609A663B-6E20-4671-BDB7-61EDF6FBD899}.Debug|iPhone.Build.0 = Debug|Any CPU
		{609A663B-6E20-4671-BDB7-61EDF6FBD899}.Debug|iPhoneSimulator.ActiveCfg = Debug|Any CPU
		{609A663B-6E20-4671-BDB7-61EDF6FBD899}.Debug|iPhoneSimulator.Build.0 = Debug|Any CPU
		{609A663B-6E20-4671-BDB7-61EDF6FBD899}.Debug|x64.ActiveCfg = Debug|Any CPU
		{609A663B-6E20-4671-BDB7-61EDF6FBD899}.Debug|x64.Build.0 = Debug|Any CPU
		{609A663B-6E20-4671-BDB7-61EDF6FBD899}.Debug|x86.ActiveCfg = Debug|Any CPU
		{609A663B-6E20-4671-BDB7-61EDF6FBD899}.Debug|x86.Build.0 = Debug|Any CPU
		{609A663B-6E20-4671-BDB7-61EDF6FBD899}.Release|Any CPU.ActiveCfg = Release|Any CPU
		{609A663B-6E20-4671-BDB7-61EDF6FBD899}.Release|Any CPU.Build.0 = Release|Any CPU
		{609A663B-6E20-4671-BDB7-61EDF6FBD899}.Release|ARM.ActiveCfg = Release|Any CPU
		{609A663B-6E20-4671-BDB7-61EDF6FBD899}.Release|ARM.Build.0 = Release|Any CPU
		{609A663B-6E20-4671-BDB7-61EDF6FBD899}.Release|iPhone.ActiveCfg = Release|Any CPU
		{609A663B-6E20-4671-BDB7-61EDF6FBD899}.Release|iPhone.Build.0 = Release|Any CPU
		{609A663B-6E20-4671-BDB7-61EDF6FBD899}.Release|iPhoneSimulator.ActiveCfg = Release|Any CPU
		{609A663B-6E20-4671-BDB7-61EDF6FBD899}.Release|iPhoneSimulator.Build.0 = Release|Any CPU
		{609A663B-6E20-4671-BDB7-61EDF6FBD899}.Release|x64.ActiveCfg = Release|Any CPU
		{609A663B-6E20-4671-BDB7-61EDF6FBD899}.Release|x64.Build.0 = Release|Any CPU
		{609A663B-6E20-4671-BDB7-61EDF6FBD899}.Release|x86.ActiveCfg = Release|Any CPU
		{609A663B-6E20-4671-BDB7-61EDF6FBD899}.Release|x86.Build.0 = Release|Any CPU
		{2B3F985B-E7A4-4CEA-8E59-0153C8BAEA0F}.Debug - UWP|Any CPU.ActiveCfg = Debug - UWP|Any CPU
		{2B3F985B-E7A4-4CEA-8E59-0153C8BAEA0F}.Debug - UWP|Any CPU.Build.0 = Debug - UWP|Any CPU
		{2B3F985B-E7A4-4CEA-8E59-0153C8BAEA0F}.Debug - UWP|ARM.ActiveCfg = Debug - UWP|Any CPU
		{2B3F985B-E7A4-4CEA-8E59-0153C8BAEA0F}.Debug - UWP|ARM.Build.0 = Debug - UWP|Any CPU
		{2B3F985B-E7A4-4CEA-8E59-0153C8BAEA0F}.Debug - UWP|iPhone.ActiveCfg = Debug - UWP|Any CPU
		{2B3F985B-E7A4-4CEA-8E59-0153C8BAEA0F}.Debug - UWP|iPhone.Build.0 = Debug - UWP|Any CPU
		{2B3F985B-E7A4-4CEA-8E59-0153C8BAEA0F}.Debug - UWP|iPhoneSimulator.ActiveCfg = Debug - UWP|Any CPU
		{2B3F985B-E7A4-4CEA-8E59-0153C8BAEA0F}.Debug - UWP|iPhoneSimulator.Build.0 = Debug - UWP|Any CPU
		{2B3F985B-E7A4-4CEA-8E59-0153C8BAEA0F}.Debug - UWP|x64.ActiveCfg = Debug - UWP|Any CPU
		{2B3F985B-E7A4-4CEA-8E59-0153C8BAEA0F}.Debug - UWP|x64.Build.0 = Debug - UWP|Any CPU
		{2B3F985B-E7A4-4CEA-8E59-0153C8BAEA0F}.Debug - UWP|x86.ActiveCfg = Debug - UWP|Any CPU
		{2B3F985B-E7A4-4CEA-8E59-0153C8BAEA0F}.Debug - UWP|x86.Build.0 = Debug - UWP|Any CPU
		{2B3F985B-E7A4-4CEA-8E59-0153C8BAEA0F}.Debug|Any CPU.ActiveCfg = Debug|Any CPU
		{2B3F985B-E7A4-4CEA-8E59-0153C8BAEA0F}.Debug|Any CPU.Build.0 = Debug|Any CPU
		{2B3F985B-E7A4-4CEA-8E59-0153C8BAEA0F}.Debug|ARM.ActiveCfg = Debug|Any CPU
		{2B3F985B-E7A4-4CEA-8E59-0153C8BAEA0F}.Debug|ARM.Build.0 = Debug|Any CPU
		{2B3F985B-E7A4-4CEA-8E59-0153C8BAEA0F}.Debug|iPhone.ActiveCfg = Debug|Any CPU
		{2B3F985B-E7A4-4CEA-8E59-0153C8BAEA0F}.Debug|iPhone.Build.0 = Debug|Any CPU
		{2B3F985B-E7A4-4CEA-8E59-0153C8BAEA0F}.Debug|iPhoneSimulator.ActiveCfg = Debug|Any CPU
		{2B3F985B-E7A4-4CEA-8E59-0153C8BAEA0F}.Debug|iPhoneSimulator.Build.0 = Debug|Any CPU
		{2B3F985B-E7A4-4CEA-8E59-0153C8BAEA0F}.Debug|x64.ActiveCfg = Debug|Any CPU
		{2B3F985B-E7A4-4CEA-8E59-0153C8BAEA0F}.Debug|x64.Build.0 = Debug|Any CPU
		{2B3F985B-E7A4-4CEA-8E59-0153C8BAEA0F}.Debug|x86.ActiveCfg = Debug|Any CPU
		{2B3F985B-E7A4-4CEA-8E59-0153C8BAEA0F}.Debug|x86.Build.0 = Debug|Any CPU
		{2B3F985B-E7A4-4CEA-8E59-0153C8BAEA0F}.Release|Any CPU.ActiveCfg = Release|Any CPU
		{2B3F985B-E7A4-4CEA-8E59-0153C8BAEA0F}.Release|Any CPU.Build.0 = Release|Any CPU
		{2B3F985B-E7A4-4CEA-8E59-0153C8BAEA0F}.Release|ARM.ActiveCfg = Release|Any CPU
		{2B3F985B-E7A4-4CEA-8E59-0153C8BAEA0F}.Release|ARM.Build.0 = Release|Any CPU
		{2B3F985B-E7A4-4CEA-8E59-0153C8BAEA0F}.Release|iPhone.ActiveCfg = Release|Any CPU
		{2B3F985B-E7A4-4CEA-8E59-0153C8BAEA0F}.Release|iPhone.Build.0 = Release|Any CPU
		{2B3F985B-E7A4-4CEA-8E59-0153C8BAEA0F}.Release|iPhoneSimulator.ActiveCfg = Release|Any CPU
		{2B3F985B-E7A4-4CEA-8E59-0153C8BAEA0F}.Release|iPhoneSimulator.Build.0 = Release|Any CPU
		{2B3F985B-E7A4-4CEA-8E59-0153C8BAEA0F}.Release|x64.ActiveCfg = Release|Any CPU
		{2B3F985B-E7A4-4CEA-8E59-0153C8BAEA0F}.Release|x64.Build.0 = Release|Any CPU
		{2B3F985B-E7A4-4CEA-8E59-0153C8BAEA0F}.Release|x86.ActiveCfg = Release|Any CPU
		{2B3F985B-E7A4-4CEA-8E59-0153C8BAEA0F}.Release|x86.Build.0 = Release|Any CPU
	EndGlobalSection
	GlobalSection(SolutionProperties) = preSolution
		HideSolutionNode = FALSE
	EndGlobalSection
	GlobalSection(ExtensibilityGlobals) = postSolution
		SolutionGuid = {46B457F1-2FFA-4DA3-BAB6-6C6A0F640538}
	EndGlobalSection
EndGlobal
