
Microsoft Visual Studio Solution File, Format Version 12.00
# Visual Studio Version 16
VisualStudioVersion = 16.0.30611.23
MinimumVisualStudioVersion = 10.0.40219.1
Project("{9A19103F-16F7-4668-BE54-9A1E7A4F7556}") = "EltraNavigoHashGen", "EltraNavigoHashGen.csproj", "{D5AF49DF-981A-4280-B55C-C845F94B569C}"
EndProject
Global
	GlobalSection(SolutionConfigurationPlatforms) = preSolution
		Debug|Any CPU = Debug|Any CPU
		Release|Any CPU = Release|Any CPU
	EndGlobalSection
	GlobalSection(ProjectConfigurationPlatforms) = postSolution
		{D5AF49DF-981A-4280-B55C-C845F94B569C}.Debug|Any CPU.ActiveCfg = Debug|Any CPU
		{D5AF49DF-981A-4280-B55C-C845F94B569C}.Debug|Any CPU.Build.0 = Debug|Any CPU
		{D5AF49DF-981A-4280-B55C-C845F94B569C}.Release|Any CPU.ActiveCfg = Release|Any CPU
		{D5AF49DF-981A-4280-B55C-C845F94B569C}.Release|Any CPU.Build.0 = Release|Any CPU
	EndGlobalSection
	GlobalSection(SolutionProperties) = preSolution
		HideSolutionNode = FALSE
	EndGlobalSection
	GlobalSection(ExtensibilityGlobals) = postSolution
		SolutionGuid = {D2989E3B-BF8E-4B24-A04A-35C3DE1DCFB8}
	EndGlobalSection
EndGlobal
