
Microsoft Visual Studio Solution File, Format Version 12.00
# Visual Studio Version 16
VisualStudioVersion = 16.0.30611.23
MinimumVisualStudioVersion = 10.0.40219.1
Project("{9A19103F-16F7-4668-BE54-9A1E7A4F7556}") = "EltraXamCommon", "EltraXamCommon.csproj", "{467EBD2F-6F77-4A8B-9083-E69AD2A26FF6}"
EndProject
Global
	GlobalSection(SolutionConfigurationPlatforms) = preSolution
		Debug|Any CPU = Debug|Any CPU
		Release|Any CPU = Release|Any CPU
	EndGlobalSection
	GlobalSection(ProjectConfigurationPlatforms) = postSolution
		{467EBD2F-6F77-4A8B-9083-E69AD2A26FF6}.Debug|Any CPU.ActiveCfg = Debug|Any CPU
		{467EBD2F-6F77-4A8B-9083-E69AD2A26FF6}.Debug|Any CPU.Build.0 = Debug|Any CPU
		{467EBD2F-6F77-4A8B-9083-E69AD2A26FF6}.Release|Any CPU.ActiveCfg = Release|Any CPU
		{467EBD2F-6F77-4A8B-9083-E69AD2A26FF6}.Release|Any CPU.Build.0 = Release|Any CPU
	EndGlobalSection
	GlobalSection(SolutionProperties) = preSolution
		HideSolutionNode = FALSE
	EndGlobalSection
	GlobalSection(ExtensibilityGlobals) = postSolution
		SolutionGuid = {C4E34E13-900F-432F-930C-A490FAE44AD9}
	EndGlobalSection
EndGlobal
